
Microsoft Visual Studio Solution File, Format Version 12.00
# Visual Studio Version 16
VisualStudioVersion = 16.0.31205.134
MinimumVisualStudioVersion = 10.0.40219.1
Project("{FAE04EC0-301F-11D3-BF4B-00C04F79EFBC}") = "PracticaEmpresaOnline", "PracticaEmpresaOnline\PracticaEmpresaOnline.csproj", "{A4C1B671-B8C1-450C-9FBF-3395BEFDDD84}"
EndProject
Global
	GlobalSection(SolutionConfigurationPlatforms) = preSolution
		Debug|Any CPU = Debug|Any CPU
		Release|Any CPU = Release|Any CPU
	EndGlobalSection
	GlobalSection(ProjectConfigurationPlatforms) = postSolution
		{A4C1B671-B8C1-450C-9FBF-3395BEFDDD84}.Debug|Any CPU.ActiveCfg = Debug|Any CPU
		{A4C1B671-B8C1-450C-9FBF-3395BEFDDD84}.Debug|Any CPU.Build.0 = Debug|Any CPU
		{A4C1B671-B8C1-450C-9FBF-3395BEFDDD84}.Release|Any CPU.ActiveCfg = Release|Any CPU
		{A4C1B671-B8C1-450C-9FBF-3395BEFDDD84}.Release|Any CPU.Build.0 = Release|Any CPU
	EndGlobalSection
	GlobalSection(SolutionProperties) = preSolution
		HideSolutionNode = FALSE
	EndGlobalSection
	GlobalSection(ExtensibilityGlobals) = postSolution
		SolutionGuid = {D1AFE395-4A71-42EE-BCBB-3BF13711D920}
	EndGlobalSection
EndGlobal
